
Microsoft Visual Studio Solution File, Format Version 12.00
# Visual Studio Version 17
VisualStudioVersion = 17.7.34221.43
MinimumVisualStudioVersion = 10.0.40219.1
Project("{FAE04EC0-301F-11D3-BF4B-00C04F79EFBC}") = "221229064_BitirmeProjesi", "221229064_BitirmeProjesi.csproj", "{E922E97D-2C41-4A9D-AD08-CB8E07CDFAD6}"
EndProject
Global
	GlobalSection(SolutionConfigurationPlatforms) = preSolution
		Debug|Any CPU = Debug|Any CPU
		Release|Any CPU = Release|Any CPU
	EndGlobalSection
	GlobalSection(ProjectConfigurationPlatforms) = postSolution
		{E922E97D-2C41-4A9D-AD08-CB8E07CDFAD6}.Debug|Any CPU.ActiveCfg = Debug|Any CPU
		{E922E97D-2C41-4A9D-AD08-CB8E07CDFAD6}.Debug|Any CPU.Build.0 = Debug|Any CPU
		{E922E97D-2C41-4A9D-AD08-CB8E07CDFAD6}.Release|Any CPU.ActiveCfg = Release|Any CPU
		{E922E97D-2C41-4A9D-AD08-CB8E07CDFAD6}.Release|Any CPU.Build.0 = Release|Any CPU
	EndGlobalSection
	GlobalSection(SolutionProperties) = preSolution
		HideSolutionNode = FALSE
	EndGlobalSection
	GlobalSection(ExtensibilityGlobals) = postSolution
		SolutionGuid = {2B615D1D-0262-43CB-B22D-F59178A1C058}
	EndGlobalSection
EndGlobal
